
Microsoft Visual Studio Solution File, Format Version 12.00
# Visual Studio Version 17
VisualStudioVersion = 17.4.33213.308
MinimumVisualStudioVersion = 10.0.40219.1
Project("{FAE04EC0-301F-11D3-BF4B-00C04F79EFBC}") = "D_TECTOR.Android", "D_TECTOR.Android\D_TECTOR.Android.csproj", "{2D5FDCCD-C1DC-4660-80EF-55033A133024}"
EndProject
Project("{FAE04EC0-301F-11D3-BF4B-00C04F79EFBC}") = "D_TECTOR.iOS", "D_TECTOR.iOS\D_TECTOR.iOS.csproj", "{15EBCAE4-89E9-40E9-A4BA-17882E1627AB}"
EndProject
Project("{FAE04EC0-301F-11D3-BF4B-00C04F79EFBC}") = "D_TECTOR", "D_TECTOR\D_TECTOR.csproj", "{2268474B-8B6A-4E9A-80D3-243566402BB7}"
EndProject
Global
	GlobalSection(SolutionConfigurationPlatforms) = preSolution
		Debug|Any CPU = Debug|Any CPU
		Debug|iPhone = Debug|iPhone
		Debug|iPhoneSimulator = Debug|iPhoneSimulator
		Release|Any CPU = Release|Any CPU
		Release|iPhone = Release|iPhone
		Release|iPhoneSimulator = Release|iPhoneSimulator
	EndGlobalSection
	GlobalSection(ProjectConfigurationPlatforms) = postSolution
		{2D5FDCCD-C1DC-4660-80EF-55033A133024}.Debug|Any CPU.ActiveCfg = Debug|Any CPU
		{2D5FDCCD-C1DC-4660-80EF-55033A133024}.Debug|Any CPU.Build.0 = Debug|Any CPU
		{2D5FDCCD-C1DC-4660-80EF-55033A133024}.Debug|Any CPU.Deploy.0 = Debug|Any CPU
		{2D5FDCCD-C1DC-4660-80EF-55033A133024}.Debug|iPhone.ActiveCfg = Debug|Any CPU
		{2D5FDCCD-C1DC-4660-80EF-55033A133024}.Debug|iPhone.Build.0 = Debug|Any CPU
		{2D5FDCCD-C1DC-4660-80EF-55033A133024}.Debug|iPhone.Deploy.0 = Debug|Any CPU
		{2D5FDCCD-C1DC-4660-80EF-55033A133024}.Debug|iPhoneSimulator.ActiveCfg = Debug|Any CPU
		{2D5FDCCD-C1DC-4660-80EF-55033A133024}.Debug|iPhoneSimulator.Build.0 = Debug|Any CPU
		{2D5FDCCD-C1DC-4660-80EF-55033A133024}.Debug|iPhoneSimulator.Deploy.0 = Debug|Any CPU
		{2D5FDCCD-C1DC-4660-80EF-55033A133024}.Release|Any CPU.ActiveCfg = Release|Any CPU
		{2D5FDCCD-C1DC-4660-80EF-55033A133024}.Release|Any CPU.Build.0 = Release|Any CPU
		{2D5FDCCD-C1DC-4660-80EF-55033A133024}.Release|Any CPU.Deploy.0 = Release|Any CPU
		{2D5FDCCD-C1DC-4660-80EF-55033A133024}.Release|iPhone.ActiveCfg = Release|Any CPU
		{2D5FDCCD-C1DC-4660-80EF-55033A133024}.Release|iPhone.Build.0 = Release|Any CPU
		{2D5FDCCD-C1DC-4660-80EF-55033A133024}.Release|iPhone.Deploy.0 = Release|Any CPU
		{2D5FDCCD-C1DC-4660-80EF-55033A133024}.Release|iPhoneSimulator.ActiveCfg = Release|Any CPU
		{2D5FDCCD-C1DC-4660-80EF-55033A133024}.Release|iPhoneSimulator.Build.0 = Release|Any CPU
		{2D5FDCCD-C1DC-4660-80EF-55033A133024}.Release|iPhoneSimulator.Deploy.0 = Release|Any CPU
		{15EBCAE4-89E9-40E9-A4BA-17882E1627AB}.Debug|Any CPU.ActiveCfg = Debug|iPhone
		{15EBCAE4-89E9-40E9-A4BA-17882E1627AB}.Debug|Any CPU.Build.0 = Debug|iPhone
		{15EBCAE4-89E9-40E9-A4BA-17882E1627AB}.Debug|Any CPU.Deploy.0 = Debug|iPhone
		{15EBCAE4-89E9-40E9-A4BA-17882E1627AB}.Debug|iPhone.ActiveCfg = Debug|iPhone
		{15EBCAE4-89E9-40E9-A4BA-17882E1627AB}.Debug|iPhone.Build.0 = Debug|iPhone
		{15EBCAE4-89E9-40E9-A4BA-17882E1627AB}.Debug|iPhone.Deploy.0 = Debug|iPhone
		{15EBCAE4-89E9-40E9-A4BA-17882E1627AB}.Debug|iPhoneSimulator.ActiveCfg = Debug|iPhoneSimulator
		{15EBCAE4-89E9-40E9-A4BA-17882E1627AB}.Debug|iPhoneSimulator.Build.0 = Debug|iPhoneSimulator
		{15EBCAE4-89E9-40E9-A4BA-17882E1627AB}.Debug|iPhoneSimulator.Deploy.0 = Debug|iPhoneSimulator
		{15EBCAE4-89E9-40E9-A4BA-17882E1627AB}.Release|Any CPU.ActiveCfg = Release|iPhoneSimulator
		{15EBCAE4-89E9-40E9-A4BA-17882E1627AB}.Release|Any CPU.Build.0 = Release|iPhoneSimulator
		{15EBCAE4-89E9-40E9-A4BA-17882E1627AB}.Release|Any CPU.Deploy.0 = Release|iPhoneSimulator
		{15EBCAE4-89E9-40E9-A4BA-17882E1627AB}.Release|iPhone.ActiveCfg = Release|iPhone
		{15EBCAE4-89E9-40E9-A4BA-17882E1627AB}.Release|iPhone.Build.0 = Release|iPhone
		{15EBCAE4-89E9-40E9-A4BA-17882E1627AB}.Release|iPhone.Deploy.0 = Release|iPhone
		{15EBCAE4-89E9-40E9-A4BA-17882E1627AB}.Release|iPhoneSimulator.ActiveCfg = Release|iPhoneSimulator
		{15EBCAE4-89E9-40E9-A4BA-17882E1627AB}.Release|iPhoneSimulator.Build.0 = Release|iPhoneSimulator
		{15EBCAE4-89E9-40E9-A4BA-17882E1627AB}.Release|iPhoneSimulator.Deploy.0 = Release|iPhoneSimulator
		{2268474B-8B6A-4E9A-80D3-243566402BB7}.Debug|Any CPU.ActiveCfg = Debug|Any CPU
		{2268474B-8B6A-4E9A-80D3-243566402BB7}.Debug|Any CPU.Build.0 = Debug|Any CPU
		{2268474B-8B6A-4E9A-80D3-243566402BB7}.Debug|Any CPU.Deploy.0 = Debug|Any CPU
		{2268474B-8B6A-4E9A-80D3-243566402BB7}.Debug|iPhone.ActiveCfg = Debug|Any CPU
		{2268474B-8B6A-4E9A-80D3-243566402BB7}.Debug|iPhone.Build.0 = Debug|Any CPU
		{2268474B-8B6A-4E9A-80D3-243566402BB7}.Debug|iPhone.Deploy.0 = Debug|Any CPU
		{2268474B-8B6A-4E9A-80D3-243566402BB7}.Debug|iPhoneSimulator.ActiveCfg = Debug|Any CPU
		{2268474B-8B6A-4E9A-80D3-243566402BB7}.Debug|iPhoneSimulator.Build.0 = Debug|Any CPU
		{2268474B-8B6A-4E9A-80D3-243566402BB7}.Debug|iPhoneSimulator.Deploy.0 = Debug|Any CPU
		{2268474B-8B6A-4E9A-80D3-243566402BB7}.Release|Any CPU.ActiveCfg = Release|Any CPU
		{2268474B-8B6A-4E9A-80D3-243566402BB7}.Release|Any CPU.Build.0 = Release|Any CPU
		{2268474B-8B6A-4E9A-80D3-243566402BB7}.Release|Any CPU.Deploy.0 = Release|Any CPU
		{2268474B-8B6A-4E9A-80D3-243566402BB7}.Release|iPhone.ActiveCfg = Release|Any CPU
		{2268474B-8B6A-4E9A-80D3-243566402BB7}.Release|iPhone.Build.0 = Release|Any CPU
		{2268474B-8B6A-4E9A-80D3-243566402BB7}.Release|iPhone.Deploy.0 = Release|Any CPU
		{2268474B-8B6A-4E9A-80D3-243566402BB7}.Release|iPhoneSimulator.ActiveCfg = Release|Any CPU
		{2268474B-8B6A-4E9A-80D3-243566402BB7}.Release|iPhoneSimulator.Build.0 = Release|Any CPU
		{2268474B-8B6A-4E9A-80D3-243566402BB7}.Release|iPhoneSimulator.Deploy.0 = Release|Any CPU
	EndGlobalSection
	GlobalSection(SolutionProperties) = preSolution
		HideSolutionNode = FALSE
	EndGlobalSection
	GlobalSection(ExtensibilityGlobals) = postSolution
		SolutionGuid = {36572D8A-33DB-4EDE-B6C7-F36C19677E13}
	EndGlobalSection
EndGlobal
